
Microsoft Visual Studio Solution File, Format Version 12.00
Project("{2150E333-8FDC-42A3-9474-1A3956D46DE8}") = "src", "src", "{7DF41A51-2366-466F-BA10-F8187881615A}"
EndProject
Project("{2150E333-8FDC-42A3-9474-1A3956D46DE8}") = "tests", "tests", "{D95582D9-3FDE-434A-B3E8-98B2E550D271}"
EndProject
Project("{FAE04EC0-301F-11D3-BF4B-00C04F79EFBC}") = "Core", "Core\Core.csproj", "{DC3D3400-B05E-4EE2-B460-1D68B3DCE18E}"
EndProject
Project("{FAE04EC0-301F-11D3-BF4B-00C04F79EFBC}") = "Adapter.WebApi", "Adapter.WebApi\Adapter.WebApi.csproj", "{C50119C0-7B66-43FE-86AB-EA79E730D361}"
EndProject
Project("{FAE04EC0-301F-11D3-BF4B-00C04F79EFBC}") = "Application", "Application\Application.csproj", "{C6089C19-9F8F-4395-8B1F-ED85928739F2}"
EndProject
Project("{FAE04EC0-301F-11D3-BF4B-00C04F79EFBC}") = "Adapter.WebApi.Tests", "Adapter.WebApi.Tests\Adapter.WebApi.Tests.csproj", "{D177AC91-7268-4C17-9037-66B4CC186E9E}"
EndProject
Project("{FAE04EC0-301F-11D3-BF4B-00C04F79EFBC}") = "Core.Tests", "Core.Tests\Core.Tests.csproj", "{A8B04C00-B8BE-4E88-A118-7B7CDE915E49}"
EndProject
Project("{FAE04EC0-301F-11D3-BF4B-00C04F79EFBC}") = "Adapter.TelegramBot", "Adapter.TelegramBot\Adapter.TelegramBot.csproj", "{C8B393D8-3569-4058-B67E-46BF60AB7F44}"
EndProject
Project("{FAE04EC0-301F-11D3-BF4B-00C04F79EFBC}") = "Adapter.TelegramBot.Tests", "Adapter.TelegramBot.Tests\Adapter.TelegramBot.Tests.csproj", "{E5DF8E26-96AF-4267-89DA-21198381320D}"
EndProject
Project("{FAE04EC0-301F-11D3-BF4B-00C04F79EFBC}") = "Utils", "Utils\Utils.csproj", "{2BBCBAC3-7881-4102-8B5D-C604390044C0}"
EndProject
Project("{FAE04EC0-301F-11D3-BF4B-00C04F79EFBC}") = "Utils.Tests", "Utils.Tests\Utils.Tests.csproj", "{21F41E7A-74B9-4DA2-BFD2-134AC01DE33A}"
EndProject
Global
	GlobalSection(SolutionConfigurationPlatforms) = preSolution
		Debug|Any CPU = Debug|Any CPU
		Release|Any CPU = Release|Any CPU
	EndGlobalSection
	GlobalSection(NestedProjects) = preSolution
		{DC3D3400-B05E-4EE2-B460-1D68B3DCE18E} = {7DF41A51-2366-466F-BA10-F8187881615A}
		{C50119C0-7B66-43FE-86AB-EA79E730D361} = {7DF41A51-2366-466F-BA10-F8187881615A}
		{C6089C19-9F8F-4395-8B1F-ED85928739F2} = {7DF41A51-2366-466F-BA10-F8187881615A}
		{D177AC91-7268-4C17-9037-66B4CC186E9E} = {D95582D9-3FDE-434A-B3E8-98B2E550D271}
		{A8B04C00-B8BE-4E88-A118-7B7CDE915E49} = {D95582D9-3FDE-434A-B3E8-98B2E550D271}
		{C8B393D8-3569-4058-B67E-46BF60AB7F44} = {7DF41A51-2366-466F-BA10-F8187881615A}
		{E5DF8E26-96AF-4267-89DA-21198381320D} = {D95582D9-3FDE-434A-B3E8-98B2E550D271}
		{2BBCBAC3-7881-4102-8B5D-C604390044C0} = {7DF41A51-2366-466F-BA10-F8187881615A}
		{21F41E7A-74B9-4DA2-BFD2-134AC01DE33A} = {D95582D9-3FDE-434A-B3E8-98B2E550D271}
	EndGlobalSection
	GlobalSection(ProjectConfigurationPlatforms) = postSolution
		{DC3D3400-B05E-4EE2-B460-1D68B3DCE18E}.Debug|Any CPU.ActiveCfg = Debug|Any CPU
		{DC3D3400-B05E-4EE2-B460-1D68B3DCE18E}.Debug|Any CPU.Build.0 = Debug|Any CPU
		{DC3D3400-B05E-4EE2-B460-1D68B3DCE18E}.Release|Any CPU.ActiveCfg = Release|Any CPU
		{DC3D3400-B05E-4EE2-B460-1D68B3DCE18E}.Release|Any CPU.Build.0 = Release|Any CPU
		{C50119C0-7B66-43FE-86AB-EA79E730D361}.Debug|Any CPU.ActiveCfg = Debug|Any CPU
		{C50119C0-7B66-43FE-86AB-EA79E730D361}.Debug|Any CPU.Build.0 = Debug|Any CPU
		{C50119C0-7B66-43FE-86AB-EA79E730D361}.Release|Any CPU.ActiveCfg = Release|Any CPU
		{C50119C0-7B66-43FE-86AB-EA79E730D361}.Release|Any CPU.Build.0 = Release|Any CPU
		{C6089C19-9F8F-4395-8B1F-ED85928739F2}.Debug|Any CPU.ActiveCfg = Debug|Any CPU
		{C6089C19-9F8F-4395-8B1F-ED85928739F2}.Debug|Any CPU.Build.0 = Debug|Any CPU
		{C6089C19-9F8F-4395-8B1F-ED85928739F2}.Release|Any CPU.ActiveCfg = Release|Any CPU
		{C6089C19-9F8F-4395-8B1F-ED85928739F2}.Release|Any CPU.Build.0 = Release|Any CPU
		{D177AC91-7268-4C17-9037-66B4CC186E9E}.Debug|Any CPU.ActiveCfg = Debug|Any CPU
		{D177AC91-7268-4C17-9037-66B4CC186E9E}.Debug|Any CPU.Build.0 = Debug|Any CPU
		{D177AC91-7268-4C17-9037-66B4CC186E9E}.Release|Any CPU.ActiveCfg = Release|Any CPU
		{D177AC91-7268-4C17-9037-66B4CC186E9E}.Release|Any CPU.Build.0 = Release|Any CPU
		{A8B04C00-B8BE-4E88-A118-7B7CDE915E49}.Debug|Any CPU.ActiveCfg = Debug|Any CPU
		{A8B04C00-B8BE-4E88-A118-7B7CDE915E49}.Debug|Any CPU.Build.0 = Debug|Any CPU
		{A8B04C00-B8BE-4E88-A118-7B7CDE915E49}.Release|Any CPU.ActiveCfg = Release|Any CPU
		{A8B04C00-B8BE-4E88-A118-7B7CDE915E49}.Release|Any CPU.Build.0 = Release|Any CPU
		{C8B393D8-3569-4058-B67E-46BF60AB7F44}.Debug|Any CPU.ActiveCfg = Debug|Any CPU
		{C8B393D8-3569-4058-B67E-46BF60AB7F44}.Debug|Any CPU.Build.0 = Debug|Any CPU
		{C8B393D8-3569-4058-B67E-46BF60AB7F44}.Release|Any CPU.ActiveCfg = Release|Any CPU
		{C8B393D8-3569-4058-B67E-46BF60AB7F44}.Release|Any CPU.Build.0 = Release|Any CPU
		{E5DF8E26-96AF-4267-89DA-21198381320D}.Debug|Any CPU.ActiveCfg = Debug|Any CPU
		{E5DF8E26-96AF-4267-89DA-21198381320D}.Debug|Any CPU.Build.0 = Debug|Any CPU
		{E5DF8E26-96AF-4267-89DA-21198381320D}.Release|Any CPU.ActiveCfg = Release|Any CPU
		{E5DF8E26-96AF-4267-89DA-21198381320D}.Release|Any CPU.Build.0 = Release|Any CPU
		{2BBCBAC3-7881-4102-8B5D-C604390044C0}.Debug|Any CPU.ActiveCfg = Debug|Any CPU
		{2BBCBAC3-7881-4102-8B5D-C604390044C0}.Debug|Any CPU.Build.0 = Debug|Any CPU
		{2BBCBAC3-7881-4102-8B5D-C604390044C0}.Release|Any CPU.ActiveCfg = Release|Any CPU
		{2BBCBAC3-7881-4102-8B5D-C604390044C0}.Release|Any CPU.Build.0 = Release|Any CPU
		{21F41E7A-74B9-4DA2-BFD2-134AC01DE33A}.Debug|Any CPU.ActiveCfg = Debug|Any CPU
		{21F41E7A-74B9-4DA2-BFD2-134AC01DE33A}.Debug|Any CPU.Build.0 = Debug|Any CPU
		{21F41E7A-74B9-4DA2-BFD2-134AC01DE33A}.Release|Any CPU.ActiveCfg = Release|Any CPU
		{21F41E7A-74B9-4DA2-BFD2-134AC01DE33A}.Release|Any CPU.Build.0 = Release|Any CPU
	EndGlobalSection
EndGlobal
